{
  "name": "Tugas3-IndividuThreeJs",
  "lockfileVersion": 3,
  "requires": true,
  "packages": {
    "": {
      "dependencies": {
        "common-js": "^0.3.8",
        "three": "^0.157.0"
      }
    },
    "node_modules/common-js": {
      "version": "0.3.8",
      "resolved": "https://registry.npmjs.org/common-js/-/common-js-0.3.8.tgz",
      "integrity": "sha512-83poCK3wlRnYqWdolJiYrMYvaBFzlDO1RwQVti2ZDBR2K5ifBGksu2cw3ZKFioEqB8FVLUmuu3OXxFUlSBk5UQ=="
    },
    "node_modules/three": {
      "version": "0.157.0",
      "resolved": "https://registry.npmjs.org/three/-/three-0.157.0.tgz",
      "integrity": "sha512-CeAwQrf4x3z0/e+MC4F+nXLW5t0gh3pw+L6CCBqpHvOq3bGYIgRYub7Pv0j/9wR+d++OiEglyZzWyuSYbwWGOA=="
    }
  }
}
